// !$*UTF8*$!
{
	archiveVersion = 1;
	classes = {
	};
	objectVersion = 55;
	objects = {

/* Begin PBXBuildFile section */
		F110B9C028E1920A00D548EF /* AppDelegate.swift in Sources */ = {isa = PBXBuildFile; fileRef = F110B9BF28E1920A00D548EF /* AppDelegate.swift */; };
		F110B9C228E1920A00D548EF /* SceneDelegate.swift in Sources */ = {isa = PBXBuildFile; fileRef = F110B9C128E1920A00D548EF /* SceneDelegate.swift */; };
		F110B9C428E1920A00D548EF /* MainTabBarViewController.swift in Sources */ = {isa = PBXBuildFile; fileRef = F110B9C328E1920A00D548EF /* MainTabBarViewController.swift */; };
		F110B9C928E1920A00D548EF /* Assets.xcassets in Resources */ = {isa = PBXBuildFile; fileRef = F110B9C828E1920A00D548EF /* Assets.xcassets */; };
		F110B9CC28E1920A00D548EF /* LaunchScreen.storyboard in Resources */ = {isa = PBXBuildFile; fileRef = F110B9CA28E1920A00D548EF /* LaunchScreen.storyboard */; };
		F110B9D528E1C54300D548EF /* HomeViewController.swift in Sources */ = {isa = PBXBuildFile; fileRef = F110B9D428E1C54200D548EF /* HomeViewController.swift */; };
		F110B9D728E1C57C00D548EF /* UpcomingViewController.swift in Sources */ = {isa = PBXBuildFile; fileRef = F110B9D628E1C57C00D548EF /* UpcomingViewController.swift */; };
		F110B9D928E1C59F00D548EF /* SearchViewController.swift in Sources */ = {isa = PBXBuildFile; fileRef = F110B9D828E1C59F00D548EF /* SearchViewController.swift */; };
		F110B9DB28E1C5D700D548EF /* DownloadsViewController.swift in Sources */ = {isa = PBXBuildFile; fileRef = F110B9DA28E1C5D700D548EF /* DownloadsViewController.swift */; };
		F110B9E228E1D4B100D548EF /* CollectionViewTableViewCell.swift in Sources */ = {isa = PBXBuildFile; fileRef = F110B9E128E1D4B100D548EF /* CollectionViewTableViewCell.swift */; };
		F110B9E428E2023400D548EF /* HeroHeaderUIView.swift in Sources */ = {isa = PBXBuildFile; fileRef = F110B9E328E2023400D548EF /* HeroHeaderUIView.swift */; };
		F110B9E628E22A0800D548EF /* APICaller.swift in Sources */ = {isa = PBXBuildFile; fileRef = F110B9E528E22A0800D548EF /* APICaller.swift */; };
		F110B9E828E22A3200D548EF /* ignoreThisFile.swift in Sources */ = {isa = PBXBuildFile; fileRef = F110B9E728E22A3200D548EF /* ignoreThisFile.swift */; };
		F110B9EA28E234A200D548EF /* Movie.swift in Sources */ = {isa = PBXBuildFile; fileRef = F110B9E928E234A200D548EF /* Movie.swift */; };
		F19E799828F6AA71003362FD /* Tv.swift in Sources */ = {isa = PBXBuildFile; fileRef = F19E799728F6AA71003362FD /* Tv.swift */; };
		F1E678E428E2CBBB00E902CD /* Extensions.swift in Sources */ = {isa = PBXBuildFile; fileRef = F1E678E328E2CBBB00E902CD /* Extensions.swift */; };
/* End PBXBuildFile section */

/* Begin PBXFileReference section */
		F110B9BC28E1920A00D548EF /* netflix-clone-ios-uikit.app */ = {isa = PBXFileReference; explicitFileType = wrapper.application; includeInIndex = 0; path = "netflix-clone-ios-uikit.app"; sourceTree = BUILT_PRODUCTS_DIR; };
		F110B9BF28E1920A00D548EF /* AppDelegate.swift */ = {isa = PBXFileReference; lastKnownFileType = sourcecode.swift; path = AppDelegate.swift; sourceTree = "<group>"; };
		F110B9C128E1920A00D548EF /* SceneDelegate.swift */ = {isa = PBXFileReference; lastKnownFileType = sourcecode.swift; path = SceneDelegate.swift; sourceTree = "<group>"; };
		F110B9C328E1920A00D548EF /* MainTabBarViewController.swift */ = {isa = PBXFileReference; lastKnownFileType = sourcecode.swift; path = MainTabBarViewController.swift; sourceTree = "<group>"; };
		F110B9C828E1920A00D548EF /* Assets.xcassets */ = {isa = PBXFileReference; lastKnownFileType = folder.assetcatalog; path = Assets.xcassets; sourceTree = "<group>"; };
		F110B9CB28E1920A00D548EF /* Base */ = {isa = PBXFileReference; lastKnownFileType = file.storyboard; name = Base; path = Base.lproj/LaunchScreen.storyboard; sourceTree = "<group>"; };
		F110B9CD28E1920A00D548EF /* Info.plist */ = {isa = PBXFileReference; lastKnownFileType = text.plist.xml; path = Info.plist; sourceTree = "<group>"; };
		F110B9D428E1C54200D548EF /* HomeViewController.swift */ = {isa = PBXFileReference; lastKnownFileType = sourcecode.swift; path = HomeViewController.swift; sourceTree = "<group>"; };
		F110B9D628E1C57C00D548EF /* UpcomingViewController.swift */ = {isa = PBXFileReference; lastKnownFileType = sourcecode.swift; path = UpcomingViewController.swift; sourceTree = "<group>"; };
		F110B9D828E1C59F00D548EF /* SearchViewController.swift */ = {isa = PBXFileReference; lastKnownFileType = sourcecode.swift; path = SearchViewController.swift; sourceTree = "<group>"; };
		F110B9DA28E1C5D700D548EF /* DownloadsViewController.swift */ = {isa = PBXFileReference; lastKnownFileType = sourcecode.swift; path = DownloadsViewController.swift; sourceTree = "<group>"; };
		F110B9E128E1D4B100D548EF /* CollectionViewTableViewCell.swift */ = {isa = PBXFileReference; lastKnownFileType = sourcecode.swift; path = CollectionViewTableViewCell.swift; sourceTree = "<group>"; };
		F110B9E328E2023400D548EF /* HeroHeaderUIView.swift */ = {isa = PBXFileReference; lastKnownFileType = sourcecode.swift; path = HeroHeaderUIView.swift; sourceTree = "<group>"; };
		F110B9E528E22A0800D548EF /* APICaller.swift */ = {isa = PBXFileReference; lastKnownFileType = sourcecode.swift; path = APICaller.swift; sourceTree = "<group>"; };
		F110B9E728E22A3200D548EF /* ignoreThisFile.swift */ = {isa = PBXFileReference; lastKnownFileType = sourcecode.swift; path = ignoreThisFile.swift; sourceTree = "<group>"; };
		F110B9E928E234A200D548EF /* Movie.swift */ = {isa = PBXFileReference; lastKnownFileType = sourcecode.swift; path = Movie.swift; sourceTree = "<group>"; };
		F19E799728F6AA71003362FD /* Tv.swift */ = {isa = PBXFileReference; lastKnownFileType = sourcecode.swift; path = Tv.swift; sourceTree = "<group>"; };
		F1E678E328E2CBBB00E902CD /* Extensions.swift */ = {isa = PBXFileReference; lastKnownFileType = sourcecode.swift; path = Extensions.swift; sourceTree = "<group>"; };
/* End PBXFileReference section */

/* Begin PBXFrameworksBuildPhase section */
		F110B9B928E1920A00D548EF /* Frameworks */ = {
			isa = PBXFrameworksBuildPhase;
			buildActionMask = 2147483647;
			files = (
			);
			runOnlyForDeploymentPostprocessing = 0;
		};
/* End PBXFrameworksBuildPhase section */

/* Begin PBXGroup section */
		F110B9B328E1920A00D548EF = {
			isa = PBXGroup;
			children = (
				F110B9BE28E1920A00D548EF /* netflix-clone-ios-uikit */,
				F110B9BD28E1920A00D548EF /* Products */,
			);
			sourceTree = "<group>";
		};
		F110B9BD28E1920A00D548EF /* Products */ = {
			isa = PBXGroup;
			children = (
				F110B9BC28E1920A00D548EF /* netflix-clone-ios-uikit.app */,
			);
			name = Products;
			sourceTree = "<group>";
		};
		F110B9BE28E1920A00D548EF /* netflix-clone-ios-uikit */ = {
			isa = PBXGroup;
			children = (
				F110B9E028E1D45200D548EF /* Managers */,
				F110B9DF28E1D44400D548EF /* Resources */,
				F110B9DE28E1D41600D548EF /* Models */,
				F110B9DC28E1D3EE00D548EF /* Views */,
				F110B9DD28E1D40300D548EF /* ViewModels */,
				F110B9D328E1C50600D548EF /* Controllers */,
				F110B9BF28E1920A00D548EF /* AppDelegate.swift */,
				F110B9C128E1920A00D548EF /* SceneDelegate.swift */,
				F110B9C328E1920A00D548EF /* MainTabBarViewController.swift */,
				F110B9C828E1920A00D548EF /* Assets.xcassets */,
				F110B9CA28E1920A00D548EF /* LaunchScreen.storyboard */,
				F110B9CD28E1920A00D548EF /* Info.plist */,
				F110B9E728E22A3200D548EF /* ignoreThisFile.swift */,
			);
			path = "netflix-clone-ios-uikit";
			sourceTree = "<group>";
		};
		F110B9D328E1C50600D548EF /* Controllers */ = {
			isa = PBXGroup;
			children = (
				F110B9D428E1C54200D548EF /* HomeViewController.swift */,
				F110B9D628E1C57C00D548EF /* UpcomingViewController.swift */,
				F110B9D828E1C59F00D548EF /* SearchViewController.swift */,
				F110B9DA28E1C5D700D548EF /* DownloadsViewController.swift */,
			);
			path = Controllers;
			sourceTree = "<group>";
		};
		F110B9DC28E1D3EE00D548EF /* Views */ = {
			isa = PBXGroup;
			children = (
				F110B9E128E1D4B100D548EF /* CollectionViewTableViewCell.swift */,
				F110B9E328E2023400D548EF /* HeroHeaderUIView.swift */,
			);
			path = Views;
			sourceTree = "<group>";
		};
		F110B9DD28E1D40300D548EF /* ViewModels */ = {
			isa = PBXGroup;
			children = (
			);
			path = ViewModels;
			sourceTree = "<group>";
		};
		F110B9DE28E1D41600D548EF /* Models */ = {
			isa = PBXGroup;
			children = (
				F110B9E928E234A200D548EF /* Movie.swift */,
				F19E799728F6AA71003362FD /* Tv.swift */,
			);
			path = Models;
			sourceTree = "<group>";
		};
		F110B9DF28E1D44400D548EF /* Resources */ = {
			isa = PBXGroup;
			children = (
				F1E678E328E2CBBB00E902CD /* Extensions.swift */,
			);
			path = Resources;
			sourceTree = "<group>";
		};
		F110B9E028E1D45200D548EF /* Managers */ = {
			isa = PBXGroup;
			children = (
				F110B9E528E22A0800D548EF /* APICaller.swift */,
			);
			path = Managers;
			sourceTree = "<group>";
		};
/* End PBXGroup section */

/* Begin PBXNativeTarget section */
		F110B9BB28E1920A00D548EF /* netflix-clone-ios-uikit */ = {
			isa = PBXNativeTarget;
			buildConfigurationList = F110B9D028E1920A00D548EF /* Build configuration list for PBXNativeTarget "netflix-clone-ios-uikit" */;
			buildPhases = (
				F110B9B828E1920A00D548EF /* Sources */,
				F110B9B928E1920A00D548EF /* Frameworks */,
				F110B9BA28E1920A00D548EF /* Resources */,
			);
			buildRules = (
			);
			dependencies = (
			);
			name = "netflix-clone-ios-uikit";
			productName = "netflix-clone-ios-uikit";
			productReference = F110B9BC28E1920A00D548EF /* netflix-clone-ios-uikit.app */;
			productType = "com.apple.product-type.application";
		};
/* End PBXNativeTarget section */

/* Begin PBXProject section */
		F110B9B428E1920A00D548EF /* Project object */ = {
			isa = PBXProject;
			attributes = {
				BuildIndependentTargetsInParallel = 1;
				LastSwiftUpdateCheck = 1340;
				LastUpgradeCheck = 1340;
				TargetAttributes = {
					F110B9BB28E1920A00D548EF = {
						CreatedOnToolsVersion = 13.4.1;
					};
				};
			};
			buildConfigurationList = F110B9B728E1920A00D548EF /* Build configuration list for PBXProject "netflix-clone-ios-uikit" */;
			compatibilityVersion = "Xcode 13.0";
			developmentRegion = en;
			hasScannedForEncodings = 0;
			knownRegions = (
				en,
				Base,
			);
			mainGroup = F110B9B328E1920A00D548EF;
			productRefGroup = F110B9BD28E1920A00D548EF /* Products */;
			projectDirPath = "";
			projectRoot = "";
			targets = (
				F110B9BB28E1920A00D548EF /* netflix-clone-ios-uikit */,
			);
		};
/* End PBXProject section */

/* Begin PBXResourcesBuildPhase section */
		F110B9BA28E1920A00D548EF /* Resources */ = {
			isa = PBXResourcesBuildPhase;
			buildActionMask = 2147483647;
			files = (
				F110B9CC28E1920A00D548EF /* LaunchScreen.storyboard in Resources */,
				F110B9C928E1920A00D548EF /* Assets.xcassets in Resources */,
			);
			runOnlyForDeploymentPostprocessing = 0;
		};
/* End PBXResourcesBuildPhase section */

/* Begin PBXSourcesBuildPhase section */
		F110B9B828E1920A00D548EF /* Sources */ = {
			isa = PBXSourcesBuildPhase;
			buildActionMask = 2147483647;
			files = (
				F110B9D928E1C59F00D548EF /* SearchViewController.swift in Sources */,
				F110B9C428E1920A00D548EF /* MainTabBarViewController.swift in Sources */,
				F110B9EA28E234A200D548EF /* Movie.swift in Sources */,
				F110B9E228E1D4B100D548EF /* CollectionViewTableViewCell.swift in Sources */,
				F110B9E628E22A0800D548EF /* APICaller.swift in Sources */,
				F110B9E828E22A3200D548EF /* ignoreThisFile.swift in Sources */,
				F110B9E428E2023400D548EF /* HeroHeaderUIView.swift in Sources */,
				F110B9DB28E1C5D700D548EF /* DownloadsViewController.swift in Sources */,
				F1E678E428E2CBBB00E902CD /* Extensions.swift in Sources */,
				F110B9C028E1920A00D548EF /* AppDelegate.swift in Sources */,
				F110B9C228E1920A00D548EF /* SceneDelegate.swift in Sources */,
				F19E799828F6AA71003362FD /* Tv.swift in Sources */,
				F110B9D728E1C57C00D548EF /* UpcomingViewController.swift in Sources */,
				F110B9D528E1C54300D548EF /* HomeViewController.swift in Sources */,
			);
			runOnlyForDeploymentPostprocessing = 0;
		};
/* End PBXSourcesBuildPhase section */

/* Begin PBXVariantGroup section */
		F110B9CA28E1920A00D548EF /* LaunchScreen.storyboard */ = {
			isa = PBXVariantGroup;
			children = (
				F110B9CB28E1920A00D548EF /* Base */,
			);
			name = LaunchScreen.storyboard;
			sourceTree = "<group>";
		};
/* End PBXVariantGroup section */

/* Begin XCBuildConfiguration section */
		F110B9CE28E1920A00D548EF /* Debug */ = {
			isa = XCBuildConfiguration;
			buildSettings = {
				ALWAYS_SEARCH_USER_PATHS = NO;
				CLANG_ANALYZER_NONNULL = YES;
				CLANG_ANALYZER_NUMBER_OBJECT_CONVERSION = YES_AGGRESSIVE;
				CLANG_CXX_LANGUAGE_STANDARD = "gnu++17";
				CLANG_ENABLE_MODULES = YES;
				CLANG_ENABLE_OBJC_ARC = YES;
				CLANG_ENABLE_OBJC_WEAK = YES;
				CLANG_WARN_BLOCK_CAPTURE_AUTORELEASING = YES;
				CLANG_WARN_BOOL_CONVERSION = YES;
				CLANG_WARN_COMMA = YES;
				CLANG_WARN_CONSTANT_CONVERSION = YES;
				CLANG_WARN_DEPRECATED_OBJC_IMPLEMENTATIONS = YES;
				CLANG_WARN_DIRECT_OBJC_ISA_USAGE = YES_ERROR;
				CLANG_WARN_DOCUMENTATION_COMMENTS = YES;
				CLANG_WARN_EMPTY_BODY = YES;
				CLANG_WARN_ENUM_CONVERSION = YES;
				CLANG_WARN_INFINITE_RECURSION = YES;
				CLANG_WARN_INT_CONVERSION = YES;
				CLANG_WARN_NON_LITERAL_NULL_CONVERSION = YES;
				CLANG_WARN_OBJC_IMPLICIT_RETAIN_SELF = YES;
				CLANG_WARN_OBJC_LITERAL_CONVERSION = YES;
				CLANG_WARN_OBJC_ROOT_CLASS = YES_ERROR;
				CLANG_WARN_QUOTED_INCLUDE_IN_FRAMEWORK_HEADER = YES;
				CLANG_WARN_RANGE_LOOP_ANALYSIS = YES;
				CLANG_WARN_STRICT_PROTOTYPES = YES;
				CLANG_WARN_SUSPICIOUS_MOVE = YES;
				CLANG_WARN_UNGUARDED_AVAILABILITY = YES_AGGRESSIVE;
				CLANG_WARN_UNREACHABLE_CODE = YES;
				CLANG_WARN__DUPLICATE_METHOD_MATCH = YES;
				COPY_PHASE_STRIP = NO;
				DEBUG_INFORMATION_FORMAT = dwarf;
				ENABLE_STRICT_OBJC_MSGSEND = YES;
				ENABLE_TESTABILITY = YES;
				GCC_C_LANGUAGE_STANDARD = gnu11;
				GCC_DYNAMIC_NO_PIC = NO;
				GCC_NO_COMMON_BLOCKS = YES;
				GCC_OPTIMIZATION_LEVEL = 0;
				GCC_PREPROCESSOR_DEFINITIONS = (
					"DEBUG=1",
					"$(inherited)",
				);
				GCC_WARN_64_TO_32_BIT_CONVERSION = YES;
				GCC_WARN_ABOUT_RETURN_TYPE = YES_ERROR;
				GCC_WARN_UNDECLARED_SELECTOR = YES;
				GCC_WARN_UNINITIALIZED_AUTOS = YES_AGGRESSIVE;
				GCC_WARN_UNUSED_FUNCTION = YES;
				GCC_WARN_UNUSED_VARIABLE = YES;
				IPHONEOS_DEPLOYMENT_TARGET = 15.5;
				MTL_ENABLE_DEBUG_INFO = INCLUDE_SOURCE;
				MTL_FAST_MATH = YES;
				ONLY_ACTIVE_ARCH = YES;
				SDKROOT = iphoneos;
				SWIFT_ACTIVE_COMPILATION_CONDITIONS = DEBUG;
				SWIFT_OPTIMIZATION_LEVEL = "-Onone";
			};
			name = Debug;
		};
		F110B9CF28E1920A00D548EF /* Release */ = {
			isa = XCBuildConfiguration;
			buildSettings = {
				ALWAYS_SEARCH_USER_PATHS = NO;
				CLANG_ANALYZER_NONNULL = YES;
				CLANG_ANALYZER_NUMBER_OBJECT_CONVERSION = YES_AGGRESSIVE;
				CLANG_CXX_LANGUAGE_STANDARD = "gnu++17";
				CLANG_ENABLE_MODULES = YES;
				CLANG_ENABLE_OBJC_ARC = YES;
				CLANG_ENABLE_OBJC_WEAK = YES;
				CLANG_WARN_BLOCK_CAPTURE_AUTORELEASING = YES;
				CLANG_WARN_BOOL_CONVERSION = YES;
				CLANG_WARN_COMMA = YES;
				CLANG_WARN_CONSTANT_CONVERSION = YES;
				CLANG_WARN_DEPRECATED_OBJC_IMPLEMENTATIONS = YES;
				CLANG_WARN_DIRECT_OBJC_ISA_USAGE = YES_ERROR;
				CLANG_WARN_DOCUMENTATION_COMMENTS = YES;
				CLANG_WARN_EMPTY_BODY = YES;
				CLANG_WARN_ENUM_CONVERSION = YES;
				CLANG_WARN_INFINITE_RECURSION = YES;
				CLANG_WARN_INT_CONVERSION = YES;
				CLANG_WARN_NON_LITERAL_NULL_CONVERSION = YES;
				CLANG_WARN_OBJC_IMPLICIT_RETAIN_SELF = YES;
				CLANG_WARN_OBJC_LITERAL_CONVERSION = YES;
				CLANG_WARN_OBJC_ROOT_CLASS = YES_ERROR;
				CLANG_WARN_QUOTED_INCLUDE_IN_FRAMEWORK_HEADER = YES;
				CLANG_WARN_RANGE_LOOP_ANALYSIS = YES;
				CLANG_WARN_STRICT_PROTOTYPES = YES;
				CLANG_WARN_SUSPICIOUS_MOVE = YES;
				CLANG_WARN_UNGUARDED_AVAILABILITY = YES_AGGRESSIVE;
				CLANG_WARN_UNREACHABLE_CODE = YES;
				CLANG_WARN__DUPLICATE_METHOD_MATCH = YES;
				COPY_PHASE_STRIP = NO;
				DEBUG_INFORMATION_FORMAT = "dwarf-with-dsym";
				ENABLE_NS_ASSERTIONS = NO;
				ENABLE_STRICT_OBJC_MSGSEND = YES;
				GCC_C_LANGUAGE_STANDARD = gnu11;
				GCC_NO_COMMON_BLOCKS = YES;
				GCC_WARN_64_TO_32_BIT_CONVERSION = YES;
				GCC_WARN_ABOUT_RETURN_TYPE = YES_ERROR;
				GCC_WARN_UNDECLARED_SELECTOR = YES;
				GCC_WARN_UNINITIALIZED_AUTOS = YES_AGGRESSIVE;
				GCC_WARN_UNUSED_FUNCTION = YES;
				GCC_WARN_UNUSED_VARIABLE = YES;
				IPHONEOS_DEPLOYMENT_TARGET = 15.5;
				MTL_ENABLE_DEBUG_INFO = NO;
				MTL_FAST_MATH = YES;
				SDKROOT = iphoneos;
				SWIFT_COMPILATION_MODE = wholemodule;
				SWIFT_OPTIMIZATION_LEVEL = "-O";
				VALIDATE_PRODUCT = YES;
			};
			name = Release;
		};
		F110B9D128E1920A00D548EF /* Debug */ = {
			isa = XCBuildConfiguration;
			buildSettings = {
				ASSETCATALOG_COMPILER_APPICON_NAME = AppIcon;
				ASSETCATALOG_COMPILER_GLOBAL_ACCENT_COLOR_NAME = AccentColor;
				CODE_SIGN_STYLE = Automatic;
				CURRENT_PROJECT_VERSION = 1;
				DEVELOPMENT_TEAM = A9S7ZDQSZC;
				GENERATE_INFOPLIST_FILE = YES;
				INFOPLIST_FILE = "netflix-clone-ios-uikit/Info.plist";
				INFOPLIST_KEY_CFBundleDisplayName = "Netflix Clone";
				INFOPLIST_KEY_UIApplicationSupportsIndirectInputEvents = YES;
				INFOPLIST_KEY_UILaunchStoryboardName = LaunchScreen;
				INFOPLIST_KEY_UISupportedInterfaceOrientations = UIInterfaceOrientationPortrait;
				INFOPLIST_KEY_UISupportedInterfaceOrientations_iPad = "UIInterfaceOrientationPortrait UIInterfaceOrientationPortraitUpsideDown UIInterfaceOrientationLandscapeLeft UIInterfaceOrientationLandscapeRight";
				INFOPLIST_KEY_UISupportedInterfaceOrientations_iPhone = "UIInterfaceOrientationPortrait UIInterfaceOrientationLandscapeLeft UIInterfaceOrientationLandscapeRight";
				LD_RUNPATH_SEARCH_PATHS = (
					"$(inherited)",
					"@executable_path/Frameworks",
				);
				MARKETING_VERSION = 1.0;
				PRODUCT_BUNDLE_IDENTIFIER = "com.sametkoyuncu.netflix-clone-ios-uikit";
				PRODUCT_NAME = "$(TARGET_NAME)";
				SWIFT_EMIT_LOC_STRINGS = YES;
				SWIFT_VERSION = 5.0;
				TARGETED_DEVICE_FAMILY = 1;
			};
			name = Debug;
		};
		F110B9D228E1920A00D548EF /* Release */ = {
			isa = XCBuildConfiguration;
			buildSettings = {
				ASSETCATALOG_COMPILER_APPICON_NAME = AppIcon;
				ASSETCATALOG_COMPILER_GLOBAL_ACCENT_COLOR_NAME = AccentColor;
				CODE_SIGN_STYLE = Automatic;
				CURRENT_PROJECT_VERSION = 1;
				DEVELOPMENT_TEAM = A9S7ZDQSZC;
				GENERATE_INFOPLIST_FILE = YES;
				INFOPLIST_FILE = "netflix-clone-ios-uikit/Info.plist";
				INFOPLIST_KEY_CFBundleDisplayName = "Netflix Clone";
				INFOPLIST_KEY_UIApplicationSupportsIndirectInputEvents = YES;
				INFOPLIST_KEY_UILaunchStoryboardName = LaunchScreen;
				INFOPLIST_KEY_UISupportedInterfaceOrientations = UIInterfaceOrientationPortrait;
				INFOPLIST_KEY_UISupportedInterfaceOrientations_iPad = "UIInterfaceOrientationPortrait UIInterfaceOrientationPortraitUpsideDown UIInterfaceOrientationLandscapeLeft UIInterfaceOrientationLandscapeRight";
				INFOPLIST_KEY_UISupportedInterfaceOrientations_iPhone = "UIInterfaceOrientationPortrait UIInterfaceOrientationLandscapeLeft UIInterfaceOrientationLandscapeRight";
				LD_RUNPATH_SEARCH_PATHS = (
					"$(inherited)",
					"@executable_path/Frameworks",
				);
				MARKETING_VERSION = 1.0;
				PRODUCT_BUNDLE_IDENTIFIER = "com.sametkoyuncu.netflix-clone-ios-uikit";
				PRODUCT_NAME = "$(TARGET_NAME)";
				SWIFT_EMIT_LOC_STRINGS = YES;
				SWIFT_VERSION = 5.0;
				TARGETED_DEVICE_FAMILY = 1;
			};
			name = Release;
		};
/* End XCBuildConfiguration section */

/* Begin XCConfigurationList section */
		F110B9B728E1920A00D548EF /* Build configuration list for PBXProject "netflix-clone-ios-uikit" */ = {
			isa = XCConfigurationList;
			buildConfigurations = (
				F110B9CE28E1920A00D548EF /* Debug */,
				F110B9CF28E1920A00D548EF /* Release */,
			);
			defaultConfigurationIsVisible = 0;
			defaultConfigurationName = Release;
		};
		F110B9D028E1920A00D548EF /* Build configuration list for PBXNativeTarget "netflix-clone-ios-uikit" */ = {
			isa = XCConfigurationList;
			buildConfigurations = (
				F110B9D128E1920A00D548EF /* Debug */,
				F110B9D228E1920A00D548EF /* Release */,
			);
			defaultConfigurationIsVisible = 0;
			defaultConfigurationName = Release;
		};
/* End XCConfigurationList section */
	};
	rootObject = F110B9B428E1920A00D548EF /* Project object */;
}
